{
  "version": 4,
  "terraform_version": "1.3.5",
  "serial": 104,
  "lineage": "e550dd67-21a1-1a7c-328a-ce6101a1e8c8",
  "outputs": {
    "bundle": {
      "value": {
        "database_id": "048e5a11-530d-4f60-9c11-d21c67f33522",
        "id": "048e5a11-530d-4f60-9c11-d21c67f33522/secure-connect-bundle/58f88facd0a512171c0f74bac006f9089510a8073c44ddfe1527df7e7b7ec6ab",
        "url": "https://datastax-cluster-config-prod.s3.us-east-2.amazonaws.com/048e5a11-530d-4f60-9c11-d21c67f33522-1/secure-connect-logistics.zip?X-Amz-Algorithm=AWS4-HMAC-SHA256\u0026X-Amz-Credential=AKIA2AIQRQ76S2JCB77W%2F20221129%2Fus-east-2%2Fs3%2Faws4_request\u0026X-Amz-Date=20221129T215522Z\u0026X-Amz-Expires=300\u0026X-Amz-SignedHeaders=host\u0026X-Amz-Signature=a7f7043ec3bf9ecfab97f236260915c4dd92913c401604f9d62773b6096a92b0"
      },
      "type": [
        "object",
        {
          "database_id": "string",
          "id": "string",
          "url": "string"
        }
      ]
    },
    "envs": {
      "value": "41940237-476e-46b6-9971-1615fcb28048s",
      "type": "string"
    }
  },
  "resources": [
    {
      "mode": "data",
      "type": "astra_available_regions",
      "name": "regions",
      "provider": "provider[\"registry.terraform.io/datastax/astra\"]",
      "instances": [
        {
          "schema_version": 0,
          "attributes": {
            "id": "terraform-20221129215522720900000001",
            "results": [
              {
                "cloud_provider": "GCP",
                "display_name": "Moncks Corner, South Carolina",
                "region": "us-east1",
                "zone": "na"
              },
              {
                "cloud_provider": "GCP",
                "display_name": "St. Ghislain, Belgium",
                "region": "europe-west1",
                "zone": "emea"
              },
              {
                "cloud_provider": "GCP",
                "display_name": "Ashburn, Virginia",
                "region": "us-east4",
                "zone": "na"
              },
              {
                "cloud_provider": "AWS",
                "display_name": "US East (N. Virginia)",
                "region": "us-east-1",
                "zone": "na"
              },
              {
                "cloud_provider": "AWS",
                "display_name": "Europe (Frankfurt)",
                "region": "eu-central-1",
                "zone": "emea"
              },
              {
                "cloud_provider": "AWS",
                "display_name": "Europe (Ireland)",
                "region": "eu-west-1",
                "zone": "emea"
              },
              {
                "cloud_provider": "AWS",
                "display_name": "Asia Pacific (Mumbai)",
                "region": "ap-south-1",
                "zone": "apac"
              },
              {
                "cloud_provider": "AWS",
                "display_name": "US West (Oregon)",
                "region": "us-west-2",
                "zone": "na"
              },
              {
                "cloud_provider": "GCP",
                "display_name": "The Dalles, Oregon",
                "region": "us-west1",
                "zone": "na"
              },
              {
                "cloud_provider": "GCP",
                "display_name": "Mumbai, India",
                "region": "asia-south1",
                "zone": "apac"
              },
              {
                "cloud_provider": "AWS",
                "display_name": "Asia Pacific (Singapore)",
                "region": "ap-southeast-1",
                "zone": "apac"
              },
              {
                "cloud_provider": "AZURE",
                "display_name": "West Europe",
                "region": "westeurope",
                "zone": "emea"
              },
              {
                "cloud_provider": "AZURE",
                "display_name": "US West (Washington)",
                "region": "westus2",
                "zone": "na"
              },
              {
                "cloud_provider": "AWS",
                "display_name": "US East (Ohio)",
                "region": "us-east-2",
                "zone": "na"
              },
              {
                "cloud_provider": "AZURE",
                "display_name": "Australia East",
                "region": "australiaeast",
                "zone": "apac"
              },
              {
                "cloud_provider": "AZURE",
                "display_name": "US East 2 (Virginia)",
                "region": "eastus2",
                "zone": "na"
              },
              {
                "cloud_provider": "GCP",
                "display_name": "Council Bluffs, Iowa",
                "region": "us-central1",
                "zone": "na"
              },
              {
                "cloud_provider": "GCP",
                "display_name": "Montreal, Quebec",
                "region": "northamerica-northeast1",
                "zone": "na"
              },
              {
                "cloud_provider": "AZURE",
                "display_name": "Central India (Pune)",
                "region": "centralindia",
                "zone": "apac"
              },
              {
                "cloud_provider": "AZURE",
                "display_name": "Canada Central (Toronto)",
                "region": "canadacentral",
                "zone": "na"
              },
              {
                "cloud_provider": "AZURE",
                "display_name": "US East",
                "region": "eastus",
                "zone": "na"
              },
              {
                "cloud_provider": "GCP",
                "display_name": "West Europe2 (London, England, UK)",
                "region": "europe-west2",
                "zone": "emea"
              },
              {
                "cloud_provider": "GCP",
                "display_name": "US West (Las Vegas, USA)",
                "region": "us-west4",
                "zone": "na"
              },
              {
                "cloud_provider": "AWS",
                "display_name": "Asia Pacific (Sydney)",
                "region": "ap-southeast-2",
                "zone": "apac"
              },
              {
                "cloud_provider": "AWS",
                "display_name": "South America (Sao Paulo)",
                "region": "sa-east-1",
                "zone": "sa"
              },
              {
                "cloud_provider": "AWS",
                "display_name": "Asia Pacific (Hong Kong)",
                "region": "ap-east-1",
                "zone": "apac"
              },
              {
                "cloud_provider": "GCP",
                "display_name": "Sydney, Australia, APAC",
                "region": "australia-southeast1",
                "zone": "apac"
              },
              {
                "cloud_provider": "AZURE",
                "display_name": "France Central",
                "region": "francecentral",
                "zone": "emea"
              },
              {
                "cloud_provider": "GCP",
                "display_name": "Toronto, Ontario",
                "region": "northamerica-northeast2",
                "zone": "na"
              }
            ]
          },
          "sensitive_attributes": []
        }
      ]
    },
    {
      "mode": "data",
      "type": "astra_secure_connect_bundle_url",
      "name": "logistics-scb",
      "provider": "provider[\"registry.terraform.io/datastax/astra\"]",
      "instances": [
        {
          "schema_version": 0,
          "attributes": {
            "database_id": "048e5a11-530d-4f60-9c11-d21c67f33522",
            "id": "048e5a11-530d-4f60-9c11-d21c67f33522/secure-connect-bundle/58f88facd0a512171c0f74bac006f9089510a8073c44ddfe1527df7e7b7ec6ab",
            "url": "https://datastax-cluster-config-prod.s3.us-east-2.amazonaws.com/048e5a11-530d-4f60-9c11-d21c67f33522-1/secure-connect-logistics.zip?X-Amz-Algorithm=AWS4-HMAC-SHA256\u0026X-Amz-Credential=AKIA2AIQRQ76S2JCB77W%2F20221129%2Fus-east-2%2Fs3%2Faws4_request\u0026X-Amz-Date=20221129T215522Z\u0026X-Amz-Expires=300\u0026X-Amz-SignedHeaders=host\u0026X-Amz-Signature=a7f7043ec3bf9ecfab97f236260915c4dd92913c401604f9d62773b6096a92b0"
          },
          "sensitive_attributes": []
        }
      ]
    },
    {
      "mode": "managed",
      "type": "astra_database",
      "name": "app",
      "provider": "provider[\"registry.terraform.io/datastax/astra\"]",
      "instances": [
        {
          "schema_version": 0,
          "attributes": {
            "additional_keyspaces": [],
            "cloud_provider": "GCP",
            "cqlsh_url": "https://048e5a11-530d-4f60-9c11-d21c67f33522-europe-west1.apps.astra.datastax.com/cqlsh",
            "data_endpoint_url": "https://048e5a11-530d-4f60-9c11-d21c67f33522-europe-west1.apps.astra.datastax.com/api/rest",
            "datacenters": {
              "GCP.europe-west1": "048e5a11-530d-4f60-9c11-d21c67f33522-1"
            },
            "grafana_url": "https://048e5a11-530d-4f60-9c11-d21c67f33522-europe-west1.dashboard.astra.datastax.com/d/cloud/dse-cluster-condensed?refresh=30s\u0026orgId=1\u0026kiosk=tv",
            "graphql_url": "https://048e5a11-530d-4f60-9c11-d21c67f33522-europe-west1.apps.astra.datastax.com/api/graphql",
            "id": "048e5a11-530d-4f60-9c11-d21c67f33522",
            "keyspace": "app",
            "name": "logistics",
            "node_count": 3,
            "organization_id": "41940237-476e-46b6-9971-1615fcb28048",
            "owner_id": "oYvsBhsoBJZcnUOUZoLgvaJm",
            "regions": [
              "europe-west1"
            ],
            "replication_factor": 1,
            "status": "ACTIVE",
            "timeouts": null,
            "total_storage": 5
          },
          "sensitive_attributes": [],
          "private": "eyJlMmJmYjczMC1lY2FhLTExZTYtOGY4OC0zNDM2M2JjN2M0YzAiOnsiY3JlYXRlIjoxMjAwMDAwMDAwMDAwLCJkZWxldGUiOjEyMDAwMDAwMDAwMDAsInJlYWQiOjMwMDAwMDAwMDAwMCwidXBkYXRlIjoxMjAwMDAwMDAwMDAwfX0="
        }
      ]
    },
    {
      "mode": "managed",
      "type": "astra_streaming_tenant",
      "name": "streaming_tenant-1",
      "provider": "provider[\"registry.terraform.io/datastax/astra\"]",
      "instances": [
        {
          "schema_version": 0,
          "attributes": {
            "broker_service_url": "pulsar+ssl://pulsar-gcp-europewest1.streaming.datastax.com:6651",
            "cloud_provider": "gcp",
            "cluster_name": "pulsar-gcp-europewest1",
            "id": "logistics-st",
            "region": "europe-west1",
            "tenant_id": "538b4741-726e-47b3-a809-fcb722a6108f",
            "tenant_name": "logistics-st",
            "topic": "telemetry",
            "user_email": "samuel.matioli@datastax.com",
            "user_metrics_url": "https://prometheus-gcp-europewest1.streaming.datastax.com/pulsarmetrics/logistics-st",
            "web_service_url": "https://pulsar-gcp-europewest1.api.streaming.datastax.com",
            "web_socket_query_param_url": "wss://pulsar-gcp-europewest1.streaming.datastax.com:8964/ws/v2",
            "web_socket_url": "wss://pulsar-gcp-europewest1.streaming.datastax.com:8001/ws/v2"
          },
          "sensitive_attributes": [],
          "private": "bnVsbA=="
        }
      ]
    },
    {
      "mode": "managed",
      "type": "astra_streaming_topic",
      "name": "topic_alert",
      "provider": "provider[\"registry.terraform.io/datastax/astra\"]",
      "instances": [
        {
          "schema_version": 0,
          "attributes": {
            "cloud_provider": "gcp",
            "id": "logistics-st/alert",
            "namespace": "default",
            "region": "europe-west1",
            "tenant_name": "logistics-st",
            "topic": "alert"
          },
          "sensitive_attributes": [],
          "private": "bnVsbA==",
          "dependencies": [
            "astra_streaming_tenant.streaming_tenant-1"
          ]
        }
      ]
    },
    {
      "mode": "managed",
      "type": "astra_table",
      "name": "alert",
      "provider": "provider[\"registry.terraform.io/datastax/astra\"]",
      "instances": [
        {
          "schema_version": 0,
          "attributes": {
            "clustering_columns": "day:ts:alert_message",
            "column_definitions": [
              {
                "Name": "organization_id",
                "TypeDefinition": "text"
              },
              {
                "Name": "device_id",
                "TypeDefinition": "text"
              },
              {
                "Name": "key",
                "TypeDefinition": "text"
              },
              {
                "Name": "day",
                "TypeDefinition": "date"
              },
              {
                "Name": "ts",
                "TypeDefinition": "timestamp"
              },
              {
                "Name": "value",
                "TypeDefinition": "decimal"
              },
              {
                "Name": "value2",
                "TypeDefinition": "decimal"
              },
              {
                "Name": "alert_message",
                "TypeDefinition": "text"
              }
            ],
            "database_id": "048e5a11-530d-4f60-9c11-d21c67f33522",
            "id": "048e5a11-530d-4f60-9c11-d21c67f33522/app/alert",
            "keyspace": "app",
            "partition_keys": "organization_id:device_id",
            "region": "europe-west1",
            "table": "alert"
          },
          "sensitive_attributes": [],
          "private": "bnVsbA==",
          "dependencies": [
            "astra_database.app"
          ]
        }
      ]
    },
    {
      "mode": "managed",
      "type": "astra_table",
      "name": "devices",
      "provider": "provider[\"registry.terraform.io/datastax/astra\"]",
      "instances": [
        {
          "schema_version": 0,
          "attributes": {
            "clustering_columns": "device_id",
            "column_definitions": [
              {
                "Name": "organization_id",
                "TypeDefinition": "text"
              },
              {
                "Name": "device_id",
                "TypeDefinition": "text"
              },
              {
                "Name": "name",
                "TypeDefinition": "text"
              },
              {
                "Name": "description",
                "TypeDefinition": "text"
              }
            ],
            "database_id": "048e5a11-530d-4f60-9c11-d21c67f33522",
            "id": "048e5a11-530d-4f60-9c11-d21c67f33522/app/devices",
            "keyspace": "app",
            "partition_keys": "organization_id",
            "region": "europe-west1",
            "table": "devices"
          },
          "sensitive_attributes": [],
          "private": "bnVsbA==",
          "dependencies": [
            "astra_database.app"
          ]
        }
      ]
    },
    {
      "mode": "managed",
      "type": "astra_table",
      "name": "telemetry",
      "provider": "provider[\"registry.terraform.io/datastax/astra\"]",
      "instances": [
        {
          "schema_version": 0,
          "attributes": {
            "clustering_columns": "key:day:ts",
            "column_definitions": [
              {
                "Name": "organization_id",
                "TypeDefinition": "text"
              },
              {
                "Name": "device_id",
                "TypeDefinition": "text"
              },
              {
                "Name": "key",
                "TypeDefinition": "text"
              },
              {
                "Name": "day",
                "TypeDefinition": "date"
              },
              {
                "Name": "ts",
                "TypeDefinition": "timestamp"
              },
              {
                "Name": "value",
                "TypeDefinition": "decimal"
              },
              {
                "Name": "value2",
                "TypeDefinition": "decimal"
              }
            ],
            "database_id": "048e5a11-530d-4f60-9c11-d21c67f33522",
            "id": "048e5a11-530d-4f60-9c11-d21c67f33522/app/telemetry",
            "keyspace": "app",
            "partition_keys": "organization_id:device_id",
            "region": "europe-west1",
            "table": "telemetry"
          },
          "sensitive_attributes": [],
          "private": "bnVsbA==",
          "dependencies": [
            "astra_database.app"
          ]
        }
      ]
    },
    {
      "mode": "managed",
      "type": "astra_table",
      "name": "telemetry_latest",
      "provider": "provider[\"registry.terraform.io/datastax/astra\"]",
      "instances": [
        {
          "schema_version": 0,
          "attributes": {
            "clustering_columns": "key:device_id",
            "column_definitions": [
              {
                "Name": "organization_id",
                "TypeDefinition": "text"
              },
              {
                "Name": "device_id",
                "TypeDefinition": "text"
              },
              {
                "Name": "key",
                "TypeDefinition": "text"
              },
              {
                "Name": "day",
                "TypeDefinition": "date"
              },
              {
                "Name": "ts",
                "TypeDefinition": "timestamp"
              },
              {
                "Name": "value",
                "TypeDefinition": "decimal"
              },
              {
                "Name": "value2",
                "TypeDefinition": "decimal"
              }
            ],
            "database_id": "048e5a11-530d-4f60-9c11-d21c67f33522",
            "id": "048e5a11-530d-4f60-9c11-d21c67f33522/app/telemetry_latest",
            "keyspace": "app",
            "partition_keys": "organization_id",
            "region": "europe-west1",
            "table": "telemetry_latest"
          },
          "sensitive_attributes": [],
          "private": "bnVsbA==",
          "dependencies": [
            "astra_database.app"
          ]
        }
      ]
    }
  ],
  "check_results": null
}
